Microsoft Visual Studio Solution File, Format Version 12.00
# Visual Studio 14
Project("{8BC9CEB8-8B4A-11D0-8D11-00A0C91BC942}") = "ALL_BUILD", "ALL_BUILD.vcxproj", "{64CC4EAF-15A9-49A7-9B3E-B342266CE82D}"
	ProjectSection(ProjectDependencies) = postProject
		{678EDCF4-57CD-4489-A760-6DC20664DFD0} = {678EDCF4-57CD-4489-A760-6DC20664DFD0}
		{ABE9F7DE-8A7A-4C9F-8A33-08C4810BC31D} = {ABE9F7DE-8A7A-4C9F-8A33-08C4810BC31D}
		{C1891E4A-984A-4ACB-86FA-7E6343162E71} = {C1891E4A-984A-4ACB-86FA-7E6343162E71}
		{6F7A35F2-07E3-4E3E-BD3F-2933F456EEDF} = {6F7A35F2-07E3-4E3E-BD3F-2933F456EEDF}
		{3BD8C58D-23A6-403B-8C3A-AA34AEED7E66} = {3BD8C58D-23A6-403B-8C3A-AA34AEED7E66}
		{69B96596-7BA5-4B53-B8D6-AA9FD24AEB93} = {69B96596-7BA5-4B53-B8D6-AA9FD24AEB93}
		{C6867EBD-385A-43FE-A5A6-A704E45D7799} = {C6867EBD-385A-43FE-A5A6-A704E45D7799}
		{5FC18EB6-240A-4E5B-AEF4-A489E5B61809} = {5FC18EB6-240A-4E5B-AEF4-A489E5B61809}
		{89B5CC3E-9952-4832-BDAF-A339C0694249} = {89B5CC3E-9952-4832-BDAF-A339C0694249}
		{CE2B496A-6365-4C7E-BFFF-037BA9984B95} = {CE2B496A-6365-4C7E-BFFF-037BA9984B95}
		{36126A90-7D92-4B05-B8A4-5DD10DC15967} = {36126A90-7D92-4B05-B8A4-5DD10DC15967}
		{B38C283D-5F60-4ADC-B271-F4A69CCF9730} = {B38C283D-5F60-4ADC-B271-F4A69CCF9730}
		{5ACB608F-61AC-4CE7-8821-49D7077DA10D} = {5ACB608F-61AC-4CE7-8821-49D7077DA10D}
		{C8DAA49B-9992-44A1-9D9E-009C4082858E} = {C8DAA49B-9992-44A1-9D9E-009C4082858E}
		{4BB7669F-9094-45B0-B7CE-2E6BF9175D2B} = {4BB7669F-9094-45B0-B7CE-2E6BF9175D2B}
		{39464693-BD2B-47E6-8881-2EC1F9F02D03} = {39464693-BD2B-47E6-8881-2EC1F9F02D03}
		{66AB6106-FA94-407C-99F5-B39D95859113} = {66AB6106-FA94-407C-99F5-B39D95859113}
		{5D8A4223-FF4B-47A6-87CC-E72A5F28A41F} = {5D8A4223-FF4B-47A6-87CC-E72A5F28A41F}
		{4FE7FEF1-0BFA-4484-B0C2-69D1AC3E3CF8} = {4FE7FEF1-0BFA-4484-B0C2-69D1AC3E3CF8}
		{CA150E08-F42F-4957-B5F6-B0FD33DF57C1} = {CA150E08-F42F-4957-B5F6-B0FD33DF57C1}
		{736034D8-38FB-4429-A5B4-6E9499FE3BD9} = {736034D8-38FB-4429-A5B4-6E9499FE3BD9}
		{907DF904-F21E-4D30-8C17-39CFB0A0DD5B} = {907DF904-F21E-4D30-8C17-39CFB0A0DD5B}
		{16C3C66E-2175-4397-BBEA-D779A41A33F5} = {16C3C66E-2175-4397-BBEA-D779A41A33F5}
		{43F1BDEA-8160-47E2-BA13-15CDE9C4767D} = {43F1BDEA-8160-47E2-BA13-15CDE9C4767D}
		{5189A432-94B7-4221-AB37-0969E4F439C0} = {5189A432-94B7-4221-AB37-0969E4F439C0}
	EndProjectSection
EndProject
Project("{8BC9CEB8-8B4A-11D0-8D11-00A0C91BC942}") = "CallbackMaker", "CallbackMaker.vcxproj", "{678EDCF4-57CD-4489-A760-6DC20664DFD0}"
	ProjectSection(ProjectDependencies) = postProject
		{5ACB608F-61AC-4CE7-8821-49D7077DA10D} = {5ACB608F-61AC-4CE7-8821-49D7077DA10D}
		{C8DAA49B-9992-44A1-9D9E-009C4082858E} = {C8DAA49B-9992-44A1-9D9E-009C4082858E}
	EndProjectSection
EndProject
Project("{8BC9CEB8-8B4A-11D0-8D11-00A0C91BC942}") = "CallbackMaker_static", "CallbackMaker_static.vcxproj", "{ABE9F7DE-8A7A-4C9F-8A33-08C4810BC31D}"
	ProjectSection(ProjectDependencies) = postProject
		{5ACB608F-61AC-4CE7-8821-49D7077DA10D} = {5ACB608F-61AC-4CE7-8821-49D7077DA10D}
		{4BB7669F-9094-45B0-B7CE-2E6BF9175D2B} = {4BB7669F-9094-45B0-B7CE-2E6BF9175D2B}
	EndProjectSection
EndProject
Project("{8BC9CEB8-8B4A-11D0-8D11-00A0C91BC942}") = "Fractals", "Fractals.vcxproj", "{C1891E4A-984A-4ACB-86FA-7E6343162E71}"
	ProjectSection(ProjectDependencies) = postProject
		{5ACB608F-61AC-4CE7-8821-49D7077DA10D} = {5ACB608F-61AC-4CE7-8821-49D7077DA10D}
		{C8DAA49B-9992-44A1-9D9E-009C4082858E} = {C8DAA49B-9992-44A1-9D9E-009C4082858E}
	EndProjectSection
EndProject
Project("{8BC9CEB8-8B4A-11D0-8D11-00A0C91BC942}") = "Fractals_random", "Fractals_random.vcxproj", "{6F7A35F2-07E3-4E3E-BD3F-2933F456EEDF}"
	ProjectSection(ProjectDependencies) = postProject
		{5ACB608F-61AC-4CE7-8821-49D7077DA10D} = {5ACB608F-61AC-4CE7-8821-49D7077DA10D}
		{C8DAA49B-9992-44A1-9D9E-009C4082858E} = {C8DAA49B-9992-44A1-9D9E-009C4082858E}
	EndProjectSection
EndProject
Project("{8BC9CEB8-8B4A-11D0-8D11-00A0C91BC942}") = "Fractals_random_static", "Fractals_random_static.vcxproj", "{3BD8C58D-23A6-403B-8C3A-AA34AEED7E66}"
	ProjectSection(ProjectDependencies) = postProject
		{5ACB608F-61AC-4CE7-8821-49D7077DA10D} = {5ACB608F-61AC-4CE7-8821-49D7077DA10D}
		{4BB7669F-9094-45B0-B7CE-2E6BF9175D2B} = {4BB7669F-9094-45B0-B7CE-2E6BF9175D2B}
	EndProjectSection
EndProject
Project("{8BC9CEB8-8B4A-11D0-8D11-00A0C91BC942}") = "Fractals_static", "Fractals_static.vcxproj", "{69B96596-7BA5-4B53-B8D6-AA9FD24AEB93}"
	ProjectSection(ProjectDependencies) = postProject
		{5ACB608F-61AC-4CE7-8821-49D7077DA10D} = {5ACB608F-61AC-4CE7-8821-49D7077DA10D}
		{4BB7669F-9094-45B0-B7CE-2E6BF9175D2B} = {4BB7669F-9094-45B0-B7CE-2E6BF9175D2B}
	EndProjectSection
EndProject
Project("{8BC9CEB8-8B4A-11D0-8D11-00A0C91BC942}") = "INSTALL", "INSTALL.vcxproj", "{B2905A03-5883-4F5B-9C12-24345581EE93}"
	ProjectSection(ProjectDependencies) = postProject
		{64CC4EAF-15A9-49A7-9B3E-B342266CE82D} = {64CC4EAF-15A9-49A7-9B3E-B342266CE82D}
	EndProjectSection
EndProject
Project("{8BC9CEB8-8B4A-11D0-8D11-00A0C91BC942}") = "Lorenz", "Lorenz.vcxproj", "{C6867EBD-385A-43FE-A5A6-A704E45D7799}"
	ProjectSection(ProjectDependencies) = postProject
		{5ACB608F-61AC-4CE7-8821-49D7077DA10D} = {5ACB608F-61AC-4CE7-8821-49D7077DA10D}
		{C8DAA49B-9992-44A1-9D9E-009C4082858E} = {C8DAA49B-9992-44A1-9D9E-009C4082858E}
	EndProjectSection
EndProject
Project("{8BC9CEB8-8B4A-11D0-8D11-00A0C91BC942}") = "Lorenz_static", "Lorenz_static.vcxproj", "{5FC18EB6-240A-4E5B-AEF4-A489E5B61809}"
	ProjectSection(ProjectDependencies) = postProject
		{5ACB608F-61AC-4CE7-8821-49D7077DA10D} = {5ACB608F-61AC-4CE7-8821-49D7077DA10D}
		{4BB7669F-9094-45B0-B7CE-2E6BF9175D2B} = {4BB7669F-9094-45B0-B7CE-2E6BF9175D2B}
	EndProjectSection
EndProject
Project("{8BC9CEB8-8B4A-11D0-8D11-00A0C91BC942}") = "One", "One.vcxproj", "{89B5CC3E-9952-4832-BDAF-A339C0694249}"
	ProjectSection(ProjectDependencies) = postProject
		{5ACB608F-61AC-4CE7-8821-49D7077DA10D} = {5ACB608F-61AC-4CE7-8821-49D7077DA10D}
		{C8DAA49B-9992-44A1-9D9E-009C4082858E} = {C8DAA49B-9992-44A1-9D9E-009C4082858E}
	EndProjectSection
EndProject
Project("{8BC9CEB8-8B4A-11D0-8D11-00A0C91BC942}") = "One_static", "One_static.vcxproj", "{CE2B496A-6365-4C7E-BFFF-037BA9984B95}"
	ProjectSection(ProjectDependencies) = postProject
		{5ACB608F-61AC-4CE7-8821-49D7077DA10D} = {5ACB608F-61AC-4CE7-8821-49D7077DA10D}
		{4BB7669F-9094-45B0-B7CE-2E6BF9175D2B} = {4BB7669F-9094-45B0-B7CE-2E6BF9175D2B}
	EndProjectSection
EndProject
Project("{8BC9CEB8-8B4A-11D0-8D11-00A0C91BC942}") = "Resizer", "Resizer.vcxproj", "{36126A90-7D92-4B05-B8A4-5DD10DC15967}"
	ProjectSection(ProjectDependencies) = postProject
		{5ACB608F-61AC-4CE7-8821-49D7077DA10D} = {5ACB608F-61AC-4CE7-8821-49D7077DA10D}
		{C8DAA49B-9992-44A1-9D9E-009C4082858E} = {C8DAA49B-9992-44A1-9D9E-009C4082858E}
	EndProjectSection
EndProject
Project("{8BC9CEB8-8B4A-11D0-8D11-00A0C91BC942}") = "Resizer_static", "Resizer_static.vcxproj", "{B38C283D-5F60-4ADC-B271-F4A69CCF9730}"
	ProjectSection(ProjectDependencies) = postProject
		{5ACB608F-61AC-4CE7-8821-49D7077DA10D} = {5ACB608F-61AC-4CE7-8821-49D7077DA10D}
		{4BB7669F-9094-45B0-B7CE-2E6BF9175D2B} = {4BB7669F-9094-45B0-B7CE-2E6BF9175D2B}
	EndProjectSection
EndProject
Project("{8BC9CEB8-8B4A-11D0-8D11-00A0C91BC942}") = "ZERO_CHECK", "ZERO_CHECK.vcxproj", "{5ACB608F-61AC-4CE7-8821-49D7077DA10D}"
	ProjectSection(ProjectDependencies) = postProject
	EndProjectSection
EndProject
Project("{8BC9CEB8-8B4A-11D0-8D11-00A0C91BC942}") = "freeglut", "freeglut.vcxproj", "{C8DAA49B-9992-44A1-9D9E-009C4082858E}"
	ProjectSection(ProjectDependencies) = postProject
		{5ACB608F-61AC-4CE7-8821-49D7077DA10D} = {5ACB608F-61AC-4CE7-8821-49D7077DA10D}
	EndProjectSection
EndProject
Project("{8BC9CEB8-8B4A-11D0-8D11-00A0C91BC942}") = "freeglut_static", "freeglut_static.vcxproj", "{4BB7669F-9094-45B0-B7CE-2E6BF9175D2B}"
	ProjectSection(ProjectDependencies) = postProject
		{5ACB608F-61AC-4CE7-8821-49D7077DA10D} = {5ACB608F-61AC-4CE7-8821-49D7077DA10D}
	EndProjectSection
EndProject
Project("{8BC9CEB8-8B4A-11D0-8D11-00A0C91BC942}") = "multi-touch", "multi-touch.vcxproj", "{39464693-BD2B-47E6-8881-2EC1F9F02D03}"
	ProjectSection(ProjectDependencies) = postProject
		{5ACB608F-61AC-4CE7-8821-49D7077DA10D} = {5ACB608F-61AC-4CE7-8821-49D7077DA10D}
		{C8DAA49B-9992-44A1-9D9E-009C4082858E} = {C8DAA49B-9992-44A1-9D9E-009C4082858E}
	EndProjectSection
EndProject
Project("{8BC9CEB8-8B4A-11D0-8D11-00A0C91BC942}") = "multi-touch_static", "multi-touch_static.vcxproj", "{66AB6106-FA94-407C-99F5-B39D95859113}"
	ProjectSection(ProjectDependencies) = postProject
		{5ACB608F-61AC-4CE7-8821-49D7077DA10D} = {5ACB608F-61AC-4CE7-8821-49D7077DA10D}
		{4BB7669F-9094-45B0-B7CE-2E6BF9175D2B} = {4BB7669F-9094-45B0-B7CE-2E6BF9175D2B}
	EndProjectSection
EndProject
Project("{8BC9CEB8-8B4A-11D0-8D11-00A0C91BC942}") = "shapes", "shapes.vcxproj", "{5D8A4223-FF4B-47A6-87CC-E72A5F28A41F}"
	ProjectSection(ProjectDependencies) = postProject
		{5ACB608F-61AC-4CE7-8821-49D7077DA10D} = {5ACB608F-61AC-4CE7-8821-49D7077DA10D}
		{C8DAA49B-9992-44A1-9D9E-009C4082858E} = {C8DAA49B-9992-44A1-9D9E-009C4082858E}
	EndProjectSection
EndProject
Project("{8BC9CEB8-8B4A-11D0-8D11-00A0C91BC942}") = "shapes_static", "shapes_static.vcxproj", "{4FE7FEF1-0BFA-4484-B0C2-69D1AC3E3CF8}"
	ProjectSection(ProjectDependencies) = postProject
		{5ACB608F-61AC-4CE7-8821-49D7077DA10D} = {5ACB608F-61AC-4CE7-8821-49D7077DA10D}
		{4BB7669F-9094-45B0-B7CE-2E6BF9175D2B} = {4BB7669F-9094-45B0-B7CE-2E6BF9175D2B}
	EndProjectSection
EndProject
Project("{8BC9CEB8-8B4A-11D0-8D11-00A0C91BC942}") = "smooth_opengl3", "smooth_opengl3.vcxproj", "{CA150E08-F42F-4957-B5F6-B0FD33DF57C1}"
	ProjectSection(ProjectDependencies) = postProject
		{5ACB608F-61AC-4CE7-8821-49D7077DA10D} = {5ACB608F-61AC-4CE7-8821-49D7077DA10D}
		{C8DAA49B-9992-44A1-9D9E-009C4082858E} = {C8DAA49B-9992-44A1-9D9E-009C4082858E}
	EndProjectSection
EndProject
Project("{8BC9CEB8-8B4A-11D0-8D11-00A0C91BC942}") = "smooth_opengl3_static", "smooth_opengl3_static.vcxproj", "{736034D8-38FB-4429-A5B4-6E9499FE3BD9}"
	ProjectSection(ProjectDependencies) = postProject
		{5ACB608F-61AC-4CE7-8821-49D7077DA10D} = {5ACB608F-61AC-4CE7-8821-49D7077DA10D}
		{4BB7669F-9094-45B0-B7CE-2E6BF9175D2B} = {4BB7669F-9094-45B0-B7CE-2E6BF9175D2B}
	EndProjectSection
EndProject
Project("{8BC9CEB8-8B4A-11D0-8D11-00A0C91BC942}") = "subwin", "subwin.vcxproj", "{907DF904-F21E-4D30-8C17-39CFB0A0DD5B}"
	ProjectSection(ProjectDependencies) = postProject
		{5ACB608F-61AC-4CE7-8821-49D7077DA10D} = {5ACB608F-61AC-4CE7-8821-49D7077DA10D}
		{C8DAA49B-9992-44A1-9D9E-009C4082858E} = {C8DAA49B-9992-44A1-9D9E-009C4082858E}
	EndProjectSection
EndProject
Project("{8BC9CEB8-8B4A-11D0-8D11-00A0C91BC942}") = "subwin_static", "subwin_static.vcxproj", "{16C3C66E-2175-4397-BBEA-D779A41A33F5}"
	ProjectSection(ProjectDependencies) = postProject
		{5ACB608F-61AC-4CE7-8821-49D7077DA10D} = {5ACB608F-61AC-4CE7-8821-49D7077DA10D}
		{4BB7669F-9094-45B0-B7CE-2E6BF9175D2B} = {4BB7669F-9094-45B0-B7CE-2E6BF9175D2B}
	EndProjectSection
EndProject
Project("{8BC9CEB8-8B4A-11D0-8D11-00A0C91BC942}") = "timer", "timer.vcxproj", "{43F1BDEA-8160-47E2-BA13-15CDE9C4767D}"
	ProjectSection(ProjectDependencies) = postProject
		{5ACB608F-61AC-4CE7-8821-49D7077DA10D} = {5ACB608F-61AC-4CE7-8821-49D7077DA10D}
		{C8DAA49B-9992-44A1-9D9E-009C4082858E} = {C8DAA49B-9992-44A1-9D9E-009C4082858E}
	EndProjectSection
EndProject
Project("{8BC9CEB8-8B4A-11D0-8D11-00A0C91BC942}") = "timer_static", "timer_static.vcxproj", "{5189A432-94B7-4221-AB37-0969E4F439C0}"
	ProjectSection(ProjectDependencies) = postProject
		{5ACB608F-61AC-4CE7-8821-49D7077DA10D} = {5ACB608F-61AC-4CE7-8821-49D7077DA10D}
		{4BB7669F-9094-45B0-B7CE-2E6BF9175D2B} = {4BB7669F-9094-45B0-B7CE-2E6BF9175D2B}
	EndProjectSection
EndProject
Global
	GlobalSection(SolutionConfigurationPlatforms) = preSolution
		Debug|Win32 = Debug|Win32
		Release|Win32 = Release|Win32
		MinSizeRel|Win32 = MinSizeRel|Win32
		RelWithDebInfo|Win32 = RelWithDebInfo|Win32
	EndGlobalSection
	GlobalSection(ProjectConfigurationPlatforms) = postSolution
		{64CC4EAF-15A9-49A7-9B3E-B342266CE82D}.Debug|Win32.ActiveCfg = Debug|Win32
		{64CC4EAF-15A9-49A7-9B3E-B342266CE82D}.Debug|Win32.Build.0 = Debug|Win32
		{64CC4EAF-15A9-49A7-9B3E-B342266CE82D}.Release|Win32.ActiveCfg = Release|Win32
		{64CC4EAF-15A9-49A7-9B3E-B342266CE82D}.Release|Win32.Build.0 = Release|Win32
		{64CC4EAF-15A9-49A7-9B3E-B342266CE82D}.MinSizeRel|Win32.ActiveCfg = MinSizeRel|Win32
		{64CC4EAF-15A9-49A7-9B3E-B342266CE82D}.MinSizeRel|Win32.Build.0 = MinSizeRel|Win32
		{64CC4EAF-15A9-49A7-9B3E-B342266CE82D}.RelWithDebInfo|Win32.ActiveCfg = RelWithDebInfo|Win32
		{64CC4EAF-15A9-49A7-9B3E-B342266CE82D}.RelWithDebInfo|Win32.Build.0 = RelWithDebInfo|Win32
		{678EDCF4-57CD-4489-A760-6DC20664DFD0}.Debug|Win32.ActiveCfg = Debug|Win32
		{678EDCF4-57CD-4489-A760-6DC20664DFD0}.Debug|Win32.Build.0 = Debug|Win32
		{678EDCF4-57CD-4489-A760-6DC20664DFD0}.Release|Win32.ActiveCfg = Release|Win32
		{678EDCF4-57CD-4489-A760-6DC20664DFD0}.Release|Win32.Build.0 = Release|Win32
		{678EDCF4-57CD-4489-A760-6DC20664DFD0}.MinSizeRel|Win32.ActiveCfg = MinSizeRel|Win32
		{678EDCF4-57CD-4489-A760-6DC20664DFD0}.MinSizeRel|Win32.Build.0 = MinSizeRel|Win32
		{678EDCF4-57CD-4489-A760-6DC20664DFD0}.RelWithDebInfo|Win32.ActiveCfg = RelWithDebInfo|Win32
		{678EDCF4-57CD-4489-A760-6DC20664DFD0}.RelWithDebInfo|Win32.Build.0 = RelWithDebInfo|Win32
		{ABE9F7DE-8A7A-4C9F-8A33-08C4810BC31D}.Debug|Win32.ActiveCfg = Debug|Win32
		{ABE9F7DE-8A7A-4C9F-8A33-08C4810BC31D}.Debug|Win32.Build.0 = Debug|Win32
		{ABE9F7DE-8A7A-4C9F-8A33-08C4810BC31D}.Release|Win32.ActiveCfg = Release|Win32
		{ABE9F7DE-8A7A-4C9F-8A33-08C4810BC31D}.Release|Win32.Build.0 = Release|Win32
		{ABE9F7DE-8A7A-4C9F-8A33-08C4810BC31D}.MinSizeRel|Win32.ActiveCfg = MinSizeRel|Win32
		{ABE9F7DE-8A7A-4C9F-8A33-08C4810BC31D}.MinSizeRel|Win32.Build.0 = MinSizeRel|Win32
		{ABE9F7DE-8A7A-4C9F-8A33-08C4810BC31D}.RelWithDebInfo|Win32.ActiveCfg = RelWithDebInfo|Win32
		{ABE9F7DE-8A7A-4C9F-8A33-08C4810BC31D}.RelWithDebInfo|Win32.Build.0 = RelWithDebInfo|Win32
		{C1891E4A-984A-4ACB-86FA-7E6343162E71}.Debug|Win32.ActiveCfg = Debug|Win32
		{C1891E4A-984A-4ACB-86FA-7E6343162E71}.Debug|Win32.Build.0 = Debug|Win32
		{C1891E4A-984A-4ACB-86FA-7E6343162E71}.Release|Win32.ActiveCfg = Release|Win32
		{C1891E4A-984A-4ACB-86FA-7E6343162E71}.Release|Win32.Build.0 = Release|Win32
		{C1891E4A-984A-4ACB-86FA-7E6343162E71}.MinSizeRel|Win32.ActiveCfg = MinSizeRel|Win32
		{C1891E4A-984A-4ACB-86FA-7E6343162E71}.MinSizeRel|Win32.Build.0 = MinSizeRel|Win32
		{C1891E4A-984A-4ACB-86FA-7E6343162E71}.RelWithDebInfo|Win32.ActiveCfg = RelWithDebInfo|Win32
		{C1891E4A-984A-4ACB-86FA-7E6343162E71}.RelWithDebInfo|Win32.Build.0 = RelWithDebInfo|Win32
		{6F7A35F2-07E3-4E3E-BD3F-2933F456EEDF}.Debug|Win32.ActiveCfg = Debug|Win32
		{6F7A35F2-07E3-4E3E-BD3F-2933F456EEDF}.Debug|Win32.Build.0 = Debug|Win32
		{6F7A35F2-07E3-4E3E-BD3F-2933F456EEDF}.Release|Win32.ActiveCfg = Release|Win32
		{6F7A35F2-07E3-4E3E-BD3F-2933F456EEDF}.Release|Win32.Build.0 = Release|Win32
		{6F7A35F2-07E3-4E3E-BD3F-2933F456EEDF}.MinSizeRel|Win32.ActiveCfg = MinSizeRel|Win32
		{6F7A35F2-07E3-4E3E-BD3F-2933F456EEDF}.MinSizeRel|Win32.Build.0 = MinSizeRel|Win32
		{6F7A35F2-07E3-4E3E-BD3F-2933F456EEDF}.RelWithDebInfo|Win32.ActiveCfg = RelWithDebInfo|Win32
		{6F7A35F2-07E3-4E3E-BD3F-2933F456EEDF}.RelWithDebInfo|Win32.Build.0 = RelWithDebInfo|Win32
		{3BD8C58D-23A6-403B-8C3A-AA34AEED7E66}.Debug|Win32.ActiveCfg = Debug|Win32
		{3BD8C58D-23A6-403B-8C3A-AA34AEED7E66}.Debug|Win32.Build.0 = Debug|Win32
		{3BD8C58D-23A6-403B-8C3A-AA34AEED7E66}.Release|Win32.ActiveCfg = Release|Win32
		{3BD8C58D-23A6-403B-8C3A-AA34AEED7E66}.Release|Win32.Build.0 = Release|Win32
		{3BD8C58D-23A6-403B-8C3A-AA34AEED7E66}.MinSizeRel|Win32.ActiveCfg = MinSizeRel|Win32
		{3BD8C58D-23A6-403B-8C3A-AA34AEED7E66}.MinSizeRel|Win32.Build.0 = MinSizeRel|Win32
		{3BD8C58D-23A6-403B-8C3A-AA34AEED7E66}.RelWithDebInfo|Win32.ActiveCfg = RelWithDebInfo|Win32
		{3BD8C58D-23A6-403B-8C3A-AA34AEED7E66}.RelWithDebInfo|Win32.Build.0 = RelWithDebInfo|Win32
		{69B96596-7BA5-4B53-B8D6-AA9FD24AEB93}.Debug|Win32.ActiveCfg = Debug|Win32
		{69B96596-7BA5-4B53-B8D6-AA9FD24AEB93}.Debug|Win32.Build.0 = Debug|Win32
		{69B96596-7BA5-4B53-B8D6-AA9FD24AEB93}.Release|Win32.ActiveCfg = Release|Win32
		{69B96596-7BA5-4B53-B8D6-AA9FD24AEB93}.Release|Win32.Build.0 = Release|Win32
		{69B96596-7BA5-4B53-B8D6-AA9FD24AEB93}.MinSizeRel|Win32.ActiveCfg = MinSizeRel|Win32
		{69B96596-7BA5-4B53-B8D6-AA9FD24AEB93}.MinSizeRel|Win32.Build.0 = MinSizeRel|Win32
		{69B96596-7BA5-4B53-B8D6-AA9FD24AEB93}.RelWithDebInfo|Win32.ActiveCfg = RelWithDebInfo|Win32
		{69B96596-7BA5-4B53-B8D6-AA9FD24AEB93}.RelWithDebInfo|Win32.Build.0 = RelWithDebInfo|Win32
		{B2905A03-5883-4F5B-9C12-24345581EE93}.Debug|Win32.ActiveCfg = Debug|Win32
		{B2905A03-5883-4F5B-9C12-24345581EE93}.Release|Win32.ActiveCfg = Release|Win32
		{B2905A03-5883-4F5B-9C12-24345581EE93}.MinSizeRel|Win32.ActiveCfg = MinSizeRel|Win32
		{B2905A03-5883-4F5B-9C12-24345581EE93}.RelWithDebInfo|Win32.ActiveCfg = RelWithDebInfo|Win32
		{C6867EBD-385A-43FE-A5A6-A704E45D7799}.Debug|Win32.ActiveCfg = Debug|Win32
		{C6867EBD-385A-43FE-A5A6-A704E45D7799}.Debug|Win32.Build.0 = Debug|Win32
		{C6867EBD-385A-43FE-A5A6-A704E45D7799}.Release|Win32.ActiveCfg = Release|Win32
		{C6867EBD-385A-43FE-A5A6-A704E45D7799}.Release|Win32.Build.0 = Release|Win32
		{C6867EBD-385A-43FE-A5A6-A704E45D7799}.MinSizeRel|Win32.ActiveCfg = MinSizeRel|Win32
		{C6867EBD-385A-43FE-A5A6-A704E45D7799}.MinSizeRel|Win32.Build.0 = MinSizeRel|Win32
		{C6867EBD-385A-43FE-A5A6-A704E45D7799}.RelWithDebInfo|Win32.ActiveCfg = RelWithDebInfo|Win32
		{C6867EBD-385A-43FE-A5A6-A704E45D7799}.RelWithDebInfo|Win32.Build.0 = RelWithDebInfo|Win32
		{5FC18EB6-240A-4E5B-AEF4-A489E5B61809}.Debug|Win32.ActiveCfg = Debug|Win32
		{5FC18EB6-240A-4E5B-AEF4-A489E5B61809}.Debug|Win32.Build.0 = Debug|Win32
		{5FC18EB6-240A-4E5B-AEF4-A489E5B61809}.Release|Win32.ActiveCfg = Release|Win32
		{5FC18EB6-240A-4E5B-AEF4-A489E5B61809}.Release|Win32.Build.0 = Release|Win32
		{5FC18EB6-240A-4E5B-AEF4-A489E5B61809}.MinSizeRel|Win32.ActiveCfg = MinSizeRel|Win32
		{5FC18EB6-240A-4E5B-AEF4-A489E5B61809}.MinSizeRel|Win32.Build.0 = MinSizeRel|Win32
		{5FC18EB6-240A-4E5B-AEF4-A489E5B61809}.RelWithDebInfo|Win32.ActiveCfg = RelWithDebInfo|Win32
		{5FC18EB6-240A-4E5B-AEF4-A489E5B61809}.RelWithDebInfo|Win32.Build.0 = RelWithDebInfo|Win32
		{89B5CC3E-9952-4832-BDAF-A339C0694249}.Debug|Win32.ActiveCfg = Debug|Win32
		{89B5CC3E-9952-4832-BDAF-A339C0694249}.Debug|Win32.Build.0 = Debug|Win32
		{89B5CC3E-9952-4832-BDAF-A339C0694249}.Release|Win32.ActiveCfg = Release|Win32
		{89B5CC3E-9952-4832-BDAF-A339C0694249}.Release|Win32.Build.0 = Release|Win32
		{89B5CC3E-9952-4832-BDAF-A339C0694249}.MinSizeRel|Win32.ActiveCfg = MinSizeRel|Win32
		{89B5CC3E-9952-4832-BDAF-A339C0694249}.MinSizeRel|Win32.Build.0 = MinSizeRel|Win32
		{89B5CC3E-9952-4832-BDAF-A339C0694249}.RelWithDebInfo|Win32.ActiveCfg = RelWithDebInfo|Win32
		{89B5CC3E-9952-4832-BDAF-A339C0694249}.RelWithDebInfo|Win32.Build.0 = RelWithDebInfo|Win32
		{CE2B496A-6365-4C7E-BFFF-037BA9984B95}.Debug|Win32.ActiveCfg = Debug|Win32
		{CE2B496A-6365-4C7E-BFFF-037BA9984B95}.Debug|Win32.Build.0 = Debug|Win32
		{CE2B496A-6365-4C7E-BFFF-037BA9984B95}.Release|Win32.ActiveCfg = Release|Win32
		{CE2B496A-6365-4C7E-BFFF-037BA9984B95}.Release|Win32.Build.0 = Release|Win32
		{CE2B496A-6365-4C7E-BFFF-037BA9984B95}.MinSizeRel|Win32.ActiveCfg = MinSizeRel|Win32
		{CE2B496A-6365-4C7E-BFFF-037BA9984B95}.MinSizeRel|Win32.Build.0 = MinSizeRel|Win32
		{CE2B496A-6365-4C7E-BFFF-037BA9984B95}.RelWithDebInfo|Win32.ActiveCfg = RelWithDebInfo|Win32
		{CE2B496A-6365-4C7E-BFFF-037BA9984B95}.RelWithDebInfo|Win32.Build.0 = RelWithDebInfo|Win32
		{36126A90-7D92-4B05-B8A4-5DD10DC15967}.Debug|Win32.ActiveCfg = Debug|Win32
		{36126A90-7D92-4B05-B8A4-5DD10DC15967}.Debug|Win32.Build.0 = Debug|Win32
		{36126A90-7D92-4B05-B8A4-5DD10DC15967}.Release|Win32.ActiveCfg = Release|Win32
		{36126A90-7D92-4B05-B8A4-5DD10DC15967}.Release|Win32.Build.0 = Release|Win32
		{36126A90-7D92-4B05-B8A4-5DD10DC15967}.MinSizeRel|Win32.ActiveCfg = MinSizeRel|Win32
		{36126A90-7D92-4B05-B8A4-5DD10DC15967}.MinSizeRel|Win32.Build.0 = MinSizeRel|Win32
		{36126A90-7D92-4B05-B8A4-5DD10DC15967}.RelWithDebInfo|Win32.ActiveCfg = RelWithDebInfo|Win32
		{36126A90-7D92-4B05-B8A4-5DD10DC15967}.RelWithDebInfo|Win32.Build.0 = RelWithDebInfo|Win32
		{B38C283D-5F60-4ADC-B271-F4A69CCF9730}.Debug|Win32.ActiveCfg = Debug|Win32
		{B38C283D-5F60-4ADC-B271-F4A69CCF9730}.Debug|Win32.Build.0 = Debug|Win32
		{B38C283D-5F60-4ADC-B271-F4A69CCF9730}.Release|Win32.ActiveCfg = Release|Win32
		{B38C283D-5F60-4ADC-B271-F4A69CCF9730}.Release|Win32.Build.0 = Release|Win32
		{B38C283D-5F60-4ADC-B271-F4A69CCF9730}.MinSizeRel|Win32.ActiveCfg = MinSizeRel|Win32
		{B38C283D-5F60-4ADC-B271-F4A69CCF9730}.MinSizeRel|Win32.Build.0 = MinSizeRel|Win32
		{B38C283D-5F60-4ADC-B271-F4A69CCF9730}.RelWithDebInfo|Win32.ActiveCfg = RelWithDebInfo|Win32
		{B38C283D-5F60-4ADC-B271-F4A69CCF9730}.RelWithDebInfo|Win32.Build.0 = RelWithDebInfo|Win32
		{5ACB608F-61AC-4CE7-8821-49D7077DA10D}.Debug|Win32.ActiveCfg = Debug|Win32
		{5ACB608F-61AC-4CE7-8821-49D7077DA10D}.Debug|Win32.Build.0 = Debug|Win32
		{5ACB608F-61AC-4CE7-8821-49D7077DA10D}.Release|Win32.ActiveCfg = Release|Win32
		{5ACB608F-61AC-4CE7-8821-49D7077DA10D}.Release|Win32.Build.0 = Release|Win32
		{5ACB608F-61AC-4CE7-8821-49D7077DA10D}.MinSizeRel|Win32.ActiveCfg = MinSizeRel|Win32
		{5ACB608F-61AC-4CE7-8821-49D7077DA10D}.MinSizeRel|Win32.Build.0 = MinSizeRel|Win32
		{5ACB608F-61AC-4CE7-8821-49D7077DA10D}.RelWithDebInfo|Win32.ActiveCfg = RelWithDebInfo|Win32
		{5ACB608F-61AC-4CE7-8821-49D7077DA10D}.RelWithDebInfo|Win32.Build.0 = RelWithDebInfo|Win32
		{C8DAA49B-9992-44A1-9D9E-009C4082858E}.Debug|Win32.ActiveCfg = Debug|Win32
		{C8DAA49B-9992-44A1-9D9E-009C4082858E}.Debug|Win32.Build.0 = Debug|Win32
		{C8DAA49B-9992-44A1-9D9E-009C4082858E}.Release|Win32.ActiveCfg = Release|Win32
		{C8DAA49B-9992-44A1-9D9E-009C4082858E}.Release|Win32.Build.0 = Release|Win32
		{C8DAA49B-9992-44A1-9D9E-009C4082858E}.MinSizeRel|Win32.ActiveCfg = MinSizeRel|Win32
		{C8DAA49B-9992-44A1-9D9E-009C4082858E}.MinSizeRel|Win32.Build.0 = MinSizeRel|Win32
		{C8DAA49B-9992-44A1-9D9E-009C4082858E}.RelWithDebInfo|Win32.ActiveCfg = RelWithDebInfo|Win32
		{C8DAA49B-9992-44A1-9D9E-009C4082858E}.RelWithDebInfo|Win32.Build.0 = RelWithDebInfo|Win32
		{4BB7669F-9094-45B0-B7CE-2E6BF9175D2B}.Debug|Win32.ActiveCfg = Debug|Win32
		{4BB7669F-9094-45B0-B7CE-2E6BF9175D2B}.Debug|Win32.Build.0 = Debug|Win32
		{4BB7669F-9094-45B0-B7CE-2E6BF9175D2B}.Release|Win32.ActiveCfg = Release|Win32
		{4BB7669F-9094-45B0-B7CE-2E6BF9175D2B}.Release|Win32.Build.0 = Release|Win32
		{4BB7669F-9094-45B0-B7CE-2E6BF9175D2B}.MinSizeRel|Win32.ActiveCfg = MinSizeRel|Win32
		{4BB7669F-9094-45B0-B7CE-2E6BF9175D2B}.MinSizeRel|Win32.Build.0 = MinSizeRel|Win32
		{4BB7669F-9094-45B0-B7CE-2E6BF9175D2B}.RelWithDebInfo|Win32.ActiveCfg = RelWithDebInfo|Win32
		{4BB7669F-9094-45B0-B7CE-2E6BF9175D2B}.RelWithDebInfo|Win32.Build.0 = RelWithDebInfo|Win32
		{39464693-BD2B-47E6-8881-2EC1F9F02D03}.Debug|Win32.ActiveCfg = Debug|Win32
		{39464693-BD2B-47E6-8881-2EC1F9F02D03}.Debug|Win32.Build.0 = Debug|Win32
		{39464693-BD2B-47E6-8881-2EC1F9F02D03}.Release|Win32.ActiveCfg = Release|Win32
		{39464693-BD2B-47E6-8881-2EC1F9F02D03}.Release|Win32.Build.0 = Release|Win32
		{39464693-BD2B-47E6-8881-2EC1F9F02D03}.MinSizeRel|Win32.ActiveCfg = MinSizeRel|Win32
		{39464693-BD2B-47E6-8881-2EC1F9F02D03}.MinSizeRel|Win32.Build.0 = MinSizeRel|Win32
		{39464693-BD2B-47E6-8881-2EC1F9F02D03}.RelWithDebInfo|Win32.ActiveCfg = RelWithDebInfo|Win32
		{39464693-BD2B-47E6-8881-2EC1F9F02D03}.RelWithDebInfo|Win32.Build.0 = RelWithDebInfo|Win32
		{66AB6106-FA94-407C-99F5-B39D95859113}.Debug|Win32.ActiveCfg = Debug|Win32
		{66AB6106-FA94-407C-99F5-B39D95859113}.Debug|Win32.Build.0 = Debug|Win32
		{66AB6106-FA94-407C-99F5-B39D95859113}.Release|Win32.ActiveCfg = Release|Win32
		{66AB6106-FA94-407C-99F5-B39D95859113}.Release|Win32.Build.0 = Release|Win32
		{66AB6106-FA94-407C-99F5-B39D95859113}.MinSizeRel|Win32.ActiveCfg = MinSizeRel|Win32
		{66AB6106-FA94-407C-99F5-B39D95859113}.MinSizeRel|Win32.Build.0 = MinSizeRel|Win32
		{66AB6106-FA94-407C-99F5-B39D95859113}.RelWithDebInfo|Win32.ActiveCfg = RelWithDebInfo|Win32
		{66AB6106-FA94-407C-99F5-B39D95859113}.RelWithDebInfo|Win32.Build.0 = RelWithDebInfo|Win32
		{5D8A4223-FF4B-47A6-87CC-E72A5F28A41F}.Debug|Win32.ActiveCfg = Debug|Win32
		{5D8A4223-FF4B-47A6-87CC-E72A5F28A41F}.Debug|Win32.Build.0 = Debug|Win32
		{5D8A4223-FF4B-47A6-87CC-E72A5F28A41F}.Release|Win32.ActiveCfg = Release|Win32
		{5D8A4223-FF4B-47A6-87CC-E72A5F28A41F}.Release|Win32.Build.0 = Release|Win32
		{5D8A4223-FF4B-47A6-87CC-E72A5F28A41F}.MinSizeRel|Win32.ActiveCfg = MinSizeRel|Win32
		{5D8A4223-FF4B-47A6-87CC-E72A5F28A41F}.MinSizeRel|Win32.Build.0 = MinSizeRel|Win32
		{5D8A4223-FF4B-47A6-87CC-E72A5F28A41F}.RelWithDebInfo|Win32.ActiveCfg = RelWithDebInfo|Win32
		{5D8A4223-FF4B-47A6-87CC-E72A5F28A41F}.RelWithDebInfo|Win32.Build.0 = RelWithDebInfo|Win32
		{4FE7FEF1-0BFA-4484-B0C2-69D1AC3E3CF8}.Debug|Win32.ActiveCfg = Debug|Win32
		{4FE7FEF1-0BFA-4484-B0C2-69D1AC3E3CF8}.Debug|Win32.Build.0 = Debug|Win32
		{4FE7FEF1-0BFA-4484-B0C2-69D1AC3E3CF8}.Release|Win32.ActiveCfg = Release|Win32
		{4FE7FEF1-0BFA-4484-B0C2-69D1AC3E3CF8}.Release|Win32.Build.0 = Release|Win32
		{4FE7FEF1-0BFA-4484-B0C2-69D1AC3E3CF8}.MinSizeRel|Win32.ActiveCfg = MinSizeRel|Win32
		{4FE7FEF1-0BFA-4484-B0C2-69D1AC3E3CF8}.MinSizeRel|Win32.Build.0 = MinSizeRel|Win32
		{4FE7FEF1-0BFA-4484-B0C2-69D1AC3E3CF8}.RelWithDebInfo|Win32.ActiveCfg = RelWithDebInfo|Win32
		{4FE7FEF1-0BFA-4484-B0C2-69D1AC3E3CF8}.RelWithDebInfo|Win32.Build.0 = RelWithDebInfo|Win32
		{CA150E08-F42F-4957-B5F6-B0FD33DF57C1}.Debug|Win32.ActiveCfg = Debug|Win32
		{CA150E08-F42F-4957-B5F6-B0FD33DF57C1}.Debug|Win32.Build.0 = Debug|Win32
		{CA150E08-F42F-4957-B5F6-B0FD33DF57C1}.Release|Win32.ActiveCfg = Release|Win32
		{CA150E08-F42F-4957-B5F6-B0FD33DF57C1}.Release|Win32.Build.0 = Release|Win32
		{CA150E08-F42F-4957-B5F6-B0FD33DF57C1}.MinSizeRel|Win32.ActiveCfg = MinSizeRel|Win32
		{CA150E08-F42F-4957-B5F6-B0FD33DF57C1}.MinSizeRel|Win32.Build.0 = MinSizeRel|Win32
		{CA150E08-F42F-4957-B5F6-B0FD33DF57C1}.RelWithDebInfo|Win32.ActiveCfg = RelWithDebInfo|Win32
		{CA150E08-F42F-4957-B5F6-B0FD33DF57C1}.RelWithDebInfo|Win32.Build.0 = RelWithDebInfo|Win32
		{736034D8-38FB-4429-A5B4-6E9499FE3BD9}.Debug|Win32.ActiveCfg = Debug|Win32
		{736034D8-38FB-4429-A5B4-6E9499FE3BD9}.Debug|Win32.Build.0 = Debug|Win32
		{736034D8-38FB-4429-A5B4-6E9499FE3BD9}.Release|Win32.ActiveCfg = Release|Win32
		{736034D8-38FB-4429-A5B4-6E9499FE3BD9}.Release|Win32.Build.0 = Release|Win32
		{736034D8-38FB-4429-A5B4-6E9499FE3BD9}.MinSizeRel|Win32.ActiveCfg = MinSizeRel|Win32
		{736034D8-38FB-4429-A5B4-6E9499FE3BD9}.MinSizeRel|Win32.Build.0 = MinSizeRel|Win32
		{736034D8-38FB-4429-A5B4-6E9499FE3BD9}.RelWithDebInfo|Win32.ActiveCfg = RelWithDebInfo|Win32
		{736034D8-38FB-4429-A5B4-6E9499FE3BD9}.RelWithDebInfo|Win32.Build.0 = RelWithDebInfo|Win32
		{907DF904-F21E-4D30-8C17-39CFB0A0DD5B}.Debug|Win32.ActiveCfg = Debug|Win32
		{907DF904-F21E-4D30-8C17-39CFB0A0DD5B}.Debug|Win32.Build.0 = Debug|Win32
		{907DF904-F21E-4D30-8C17-39CFB0A0DD5B}.Release|Win32.ActiveCfg = Release|Win32
		{907DF904-F21E-4D30-8C17-39CFB0A0DD5B}.Release|Win32.Build.0 = Release|Win32
		{907DF904-F21E-4D30-8C17-39CFB0A0DD5B}.MinSizeRel|Win32.ActiveCfg = MinSizeRel|Win32
		{907DF904-F21E-4D30-8C17-39CFB0A0DD5B}.MinSizeRel|Win32.Build.0 = MinSizeRel|Win32
		{907DF904-F21E-4D30-8C17-39CFB0A0DD5B}.RelWithDebInfo|Win32.ActiveCfg = RelWithDebInfo|Win32
		{907DF904-F21E-4D30-8C17-39CFB0A0DD5B}.RelWithDebInfo|Win32.Build.0 = RelWithDebInfo|Win32
		{16C3C66E-2175-4397-BBEA-D779A41A33F5}.Debug|Win32.ActiveCfg = Debug|Win32
		{16C3C66E-2175-4397-BBEA-D779A41A33F5}.Debug|Win32.Build.0 = Debug|Win32
		{16C3C66E-2175-4397-BBEA-D779A41A33F5}.Release|Win32.ActiveCfg = Release|Win32
		{16C3C66E-2175-4397-BBEA-D779A41A33F5}.Release|Win32.Build.0 = Release|Win32
		{16C3C66E-2175-4397-BBEA-D779A41A33F5}.MinSizeRel|Win32.ActiveCfg = MinSizeRel|Win32
		{16C3C66E-2175-4397-BBEA-D779A41A33F5}.MinSizeRel|Win32.Build.0 = MinSizeRel|Win32
		{16C3C66E-2175-4397-BBEA-D779A41A33F5}.RelWithDebInfo|Win32.ActiveCfg = RelWithDebInfo|Win32
		{16C3C66E-2175-4397-BBEA-D779A41A33F5}.RelWithDebInfo|Win32.Build.0 = RelWithDebInfo|Win32
		{43F1BDEA-8160-47E2-BA13-15CDE9C4767D}.Debug|Win32.ActiveCfg = Debug|Win32
		{43F1BDEA-8160-47E2-BA13-15CDE9C4767D}.Debug|Win32.Build.0 = Debug|Win32
		{43F1BDEA-8160-47E2-BA13-15CDE9C4767D}.Release|Win32.ActiveCfg = Release|Win32
		{43F1BDEA-8160-47E2-BA13-15CDE9C4767D}.Release|Win32.Build.0 = Release|Win32
		{43F1BDEA-8160-47E2-BA13-15CDE9C4767D}.MinSizeRel|Win32.ActiveCfg = MinSizeRel|Win32
		{43F1BDEA-8160-47E2-BA13-15CDE9C4767D}.MinSizeRel|Win32.Build.0 = MinSizeRel|Win32
		{43F1BDEA-8160-47E2-BA13-15CDE9C4767D}.RelWithDebInfo|Win32.ActiveCfg = RelWithDebInfo|Win32
		{43F1BDEA-8160-47E2-BA13-15CDE9C4767D}.RelWithDebInfo|Win32.Build.0 = RelWithDebInfo|Win32
		{5189A432-94B7-4221-AB37-0969E4F439C0}.Debug|Win32.ActiveCfg = Debug|Win32
		{5189A432-94B7-4221-AB37-0969E4F439C0}.Debug|Win32.Build.0 = Debug|Win32
		{5189A432-94B7-4221-AB37-0969E4F439C0}.Release|Win32.ActiveCfg = Release|Win32
		{5189A432-94B7-4221-AB37-0969E4F439C0}.Release|Win32.Build.0 = Release|Win32
		{5189A432-94B7-4221-AB37-0969E4F439C0}.MinSizeRel|Win32.ActiveCfg = MinSizeRel|Win32
		{5189A432-94B7-4221-AB37-0969E4F439C0}.MinSizeRel|Win32.Build.0 = MinSizeRel|Win32
		{5189A432-94B7-4221-AB37-0969E4F439C0}.RelWithDebInfo|Win32.ActiveCfg = RelWithDebInfo|Win32
		{5189A432-94B7-4221-AB37-0969E4F439C0}.RelWithDebInfo|Win32.Build.0 = RelWithDebInfo|Win32
	EndGlobalSection
	GlobalSection(ExtensibilityGlobals) = postSolution
	EndGlobalSection
	GlobalSection(ExtensibilityAddIns) = postSolution
	EndGlobalSection
EndGlobal
